{
  "lockfileVersion": 1,
  "workspaces": {
    "": {
      "name": "server-binaries",
      "dependencies": {
        "@serenityjs/binarystream": "*",
        "@serenityjs/core": "^0.7.8",
        "@serenityjs/data": "^0.7.8",
        "@serenityjs/emitter": "^0.7.8",
        "@serenityjs/leveldb": "^1.0.1",
        "@serenityjs/logger": "^0.7.8",
        "@serenityjs/nbt": "^0.7.8",
        "@serenityjs/plugins": "^0.7.8",
        "@serenityjs/protocol": "^0.7.8",
        "@serenityjs/raknet": "^0.7.8",
      },
      "devDependencies": {
        "@types/bun": "^1.2.0",
      },
      "peerDependencies": {
        "typescript": "^5.7.3",
      },
    },
  },
  "packages": {
    "@lukeed/ms": ["@lukeed/ms@2.0.2", "", {}, "sha512-9I2Zn6+NJLfaGoz9jN3lpwDgAYvfGeNYdbAIjJOqzs4Tpc+VU3Jqq4IofSUBKajiDS8k9fZIg18/z13mpk1bsA=="],

    "@serenityjs/binarystream": ["@serenityjs/binarystream@2.7.0", "", { "optionalDependencies": { "@serenityjs/binarystream-darwin-arm64": "2.7.0", "@serenityjs/binarystream-darwin-x64": "2.7.0", "@serenityjs/binarystream-linux-x64-gnu": "2.7.0", "@serenityjs/binarystream-win32-x64-msvc": "2.7.0" } }, "sha512-aIWTRqy3Z5mf9qbLiE7sjM96+PKXsJqs4tURe5VlnI5fauNlFIwUUBXGyrR2PiqBSOp8DSjmP1XfO49GP4hdEg=="],

    "@serenityjs/binarystream-darwin-arm64": ["@serenityjs/binarystream-darwin-arm64@2.7.0", "", { "os": "darwin", "cpu": "arm64" }, "sha512-i1MUyRLT6zNWSTOIb5eALFnSxEFmbM+nc/yw5ooqzAOM4qtr/jBrolHyEm157AU8+7ngnkBn9T94Z4zVYJGBhg=="],

    "@serenityjs/binarystream-darwin-x64": ["@serenityjs/binarystream-darwin-x64@2.7.0", "", { "os": "darwin", "cpu": "x64" }, "sha512-hm2G3dlR4meGp2MqCmdWWPqTZxcsGdT4P/cg1i5Y74BdG9F9CYojvHPN9jaq8fY+ViqBz0hzPvrKPIPEMwBDHQ=="],

    "@serenityjs/binarystream-linux-x64-gnu": ["@serenityjs/binarystream-linux-x64-gnu@2.7.0", "", { "os": "linux", "cpu": "x64" }, "sha512-C2HgD+coQtlpIxnkpRObE38+rU2xVqsvRRZPcSxpkAzdPaiyVehkF7VZx0cWAZPiLZEZifNDTQV3tQlgfp4USg=="],

    "@serenityjs/binarystream-win32-x64-msvc": ["@serenityjs/binarystream-win32-x64-msvc@2.7.0", "", { "os": "win32", "cpu": "x64" }, "sha512-VozM9uyBdQQJXl5Cz9zdn2dA6jOpkgzWJHjgop63FSpVAllykMKbd2WU2ZpEbLy0dTScmND2suXcqiPeU5Jrwg=="],

    "@serenityjs/core": ["@serenityjs/core@0.7.8", "", { "dependencies": { "@serenityjs/binarystream": "2.7.0", "@serenityjs/data": "*", "@serenityjs/emitter": "*", "@serenityjs/leveldb": "^1.1.1", "@serenityjs/logger": "*", "@serenityjs/nbt": "*", "@serenityjs/protocol": "*", "@serenityjs/raknet": "*", "fast-jwt": "4.0.5", "simplex-noise": "4.0.3" } }, "sha512-OkTZRY/j6BzooJtnVRG0hjFcQGVc61tWNPEXTF/sbRHYV2ttlTozM1dBbajI7ryF3YsziwOg9XeFM48Fs3Ty3w=="],

    "@serenityjs/data": ["@serenityjs/data@0.7.8", "", {}, "sha512-WjRZFV6Sl1oZJheU7KiIhM/ohwleqfA/8aInnV5/+HDBSL98AmtPdGSUUPXqbmMn9oro4fZoLdFdAXb7q5tZiw=="],

    "@serenityjs/emitter": ["@serenityjs/emitter@0.7.8", "", {}, "sha512-fScHqYgFrZZffRWuIrhaRkwmzg57dTynaYGQQqK6i9/vHU27eQWp/HO6Z0u0+jrBlvHqzzxCyQXeSGWn8QEPuw=="],

    "@serenityjs/leveldb": ["@serenityjs/leveldb@1.1.1", "", { "optionalDependencies": { "@serenityjs/leveldb-darwin-arm64": "1.1.1", "@serenityjs/leveldb-darwin-x64": "1.1.1", "@serenityjs/leveldb-linux-x64-gnu": "1.1.1", "@serenityjs/leveldb-win32-x64-msvc": "1.1.1" } }, "sha512-5HOWjoVF5p0uINUH68k8FYqfKK1KoNsH5aNv5mpfebPRi3ztGVXt4L1ptv0aCkN85LNrpWtPTnQmQkhCuuWOHg=="],

    "@serenityjs/leveldb-darwin-arm64": ["@serenityjs/leveldb-darwin-arm64@1.1.1", "", { "os": "darwin", "cpu": "arm64" }, "sha512-SIp17ZSfBOJNLj8b7mBiEWkn1b86gKv8IearHJNS5ctw0shywO8UOjDP4Bk+tuONkmztzU3LbIN2l1bTb1aF+Q=="],

    "@serenityjs/leveldb-darwin-x64": ["@serenityjs/leveldb-darwin-x64@1.1.1", "", { "os": "darwin", "cpu": "x64" }, "sha512-iay9a09IhDIVMXhlceUiLGJo6DU9BmnfxxoKac2NuoiaSnRoxPPjzFTBh4/WyOrQ6wNwKxLCn9uHCTSlHd9gxg=="],

    "@serenityjs/leveldb-linux-x64-gnu": ["@serenityjs/leveldb-linux-x64-gnu@1.1.1", "", { "os": "linux", "cpu": "x64" }, "sha512-PU57TfJfK7LbH6rDlCigXLQr2n3MSfobF2RHmhDuzXLOSRfj8LZQTqRUnsk7dcDUKG5Kwh72R/iPR5ThEES8qQ=="],

    "@serenityjs/leveldb-win32-x64-msvc": ["@serenityjs/leveldb-win32-x64-msvc@1.1.1", "", { "os": "win32", "cpu": "x64" }, "sha512-rQaX8fWdzuSxJUyeIeRuqzkPB6KoLOu9VZGNYKJzUf8KxXah3lprQ4CCe6BwA9GHahAgko7zxVG4j3ZiGg5GTA=="],

    "@serenityjs/logger": ["@serenityjs/logger@0.7.8", "", { "dependencies": { "colorette": "2.0.20", "moment": "2.30.1" } }, "sha512-7Deq6QEZaBzSYNNQs6ubwOd5BoRAZHbCrtxfY80t9crtlvydzernvpMUxVpd+hYl2p1INzxv3zfjn1iGOlQ1Bw=="],

    "@serenityjs/nbt": ["@serenityjs/nbt@0.7.8", "", { "dependencies": { "@serenityjs/binarystream": "^2.7.0" } }, "sha512-WS2+sDLbMgADQSzLD0l5OPIuHgbguagCnn+di5ya2ZB3qpskn8+SiJyHemW7IZ/fdfyTw+rt45kVbKV03ZGpwg=="],

    "@serenityjs/plugins": ["@serenityjs/plugins@0.7.8", "", { "dependencies": { "@serenityjs/binarystream": "^2.7.0", "@serenityjs/core": "*", "@serenityjs/logger": "*", "@serenityjs/protocol": "*" } }, "sha512-06PP0aab7zxwyPNIBlxkUguuP11hMcSDt0EYEcYnKxAbYrcw0pQoGB7I0OrUaSeJEZSga8Smx4Y21EnPcV9Ynw=="],

    "@serenityjs/protocol": ["@serenityjs/protocol@0.7.8", "", { "dependencies": { "@serenityjs/binarystream": "2.7.0", "@serenityjs/nbt": "*", "@serenityjs/raknet": "*" } }, "sha512-CJA9tN2AyY/0hUz66LhTT7WMvI+6+HBXaOM6a8p7/Ks/rxN5NzWw5RtpHbPVHQEjCBCCpkspmLVwIQWgX7rdQg=="],

    "@serenityjs/raknet": ["@serenityjs/raknet@0.7.8", "", { "dependencies": { "@serenityjs/binarystream": "^2.7.0", "@serenityjs/emitter": "*", "@serenityjs/logger": "*", "@serenityjs/nbt": "*", "reflect-metadata": "0.2.2" } }, "sha512-wmqIt20YoZldXL+w0pt+9kJr01MN6xMP77vsyt7bN+42W4c7SQHa/oGzqa8RpG8/INpt8rQ4QyfKR7Dllmg/ew=="],

    "@types/bun": ["@types/bun@1.2.8", "", { "dependencies": { "bun-types": "1.2.7" } }, "sha512-t8L1RvJVUghW5V+M/fL3Thbxcs0HwNsXsnTEBEfEVqGteiJToOlZ/fyOEaR1kZsNqnu+3XA4RI/qmnX4w6+S+w=="],

    "@types/node": ["@types/node@22.14.0", "", { "dependencies": { "undici-types": "~6.21.0" } }, "sha512-Kmpl+z84ILoG+3T/zQFyAJsU6EPTmOCj8/2+83fSN6djd6I4o7uOuGIH6vq3PrjY5BGitSbFuMN18j3iknubbA=="],

    "@types/ws": ["@types/ws@8.18.1", "", { "dependencies": { "@types/node": "*" } }, "sha512-ThVF6DCVhA8kUGy+aazFQ4kXQ7E1Ty7A3ypFOe0IcJV8O/M511G99AW24irKrW56Wt44yG9+ij8FaqoBGkuBXg=="],

    "asn1.js": ["asn1.js@5.4.1", "", { "dependencies": { "bn.js": "^4.0.0", "inherits": "^2.0.1", "minimalistic-assert": "^1.0.0", "safer-buffer": "^2.1.0" } }, "sha512-+I//4cYPccV8LdmBLiX8CYvf9Sp3vQsrqu2QNXRcrbiWvcx/UdlFiqUJJzxRQxgsZmvhXhn4cSKeSmoFjVdupA=="],

    "bn.js": ["bn.js@4.12.1", "", {}, "sha512-k8TVBiPkPJT9uHLdOKfFpqcfprwBFOAAXXozRubr7R7PfIuKvQlzcI4M0pALeqXN09vdaMbUdUj+pass+uULAg=="],

    "bun-types": ["bun-types@1.2.7", "", { "dependencies": { "@types/node": "*", "@types/ws": "*" } }, "sha512-P4hHhk7kjF99acXqKvltyuMQ2kf/rzIw3ylEDpCxDS9Xa0X0Yp/gJu/vDCucmWpiur5qJ0lwB2bWzOXa2GlHqA=="],

    "colorette": ["colorette@2.0.20", "", {}, "sha512-IfEDxwoWIjkeXL1eXcDiow4UbKjhLdq6/EuSVR9GMN7KVH3r9gQ83e73hsz1Nd1T3ijd5xv1wcWRYO+D6kCI2w=="],

    "ecdsa-sig-formatter": ["ecdsa-sig-formatter@1.0.11", "", { "dependencies": { "safe-buffer": "^5.0.1" } }, "sha512-nagl3RYrbNv6kQkeJIpt6NJZy8twLB/2vtz6yN9Z4vRKHN4/QZJIEbqohALSgwKdnksuY3k5Addp5lg8sVoVcQ=="],

    "fast-jwt": ["fast-jwt@4.0.5", "", { "dependencies": { "@lukeed/ms": "^2.0.1", "asn1.js": "^5.4.1", "ecdsa-sig-formatter": "^1.0.11", "mnemonist": "^0.39.5" } }, "sha512-QnpNdn0955GT7SlT8iMgYfhTsityUWysrQjM+Q7bGFijLp6+TNWzlbSMPvgalbrQGRg4ZaHZgMcns5fYOm5avg=="],

    "inherits": ["inherits@2.0.4", "", {}, "sha512-k/vGaX4/Yla3WzyMCvTQOXYeIHvqOKtnqBduzTHpzpQZzAskKMhZ2K+EnBiSM9zGSoIFeMpXKxa4dYeZIQqewQ=="],

    "minimalistic-assert": ["minimalistic-assert@1.0.1", "", {}, "sha512-UtJcAD4yEaGtjPezWuO9wC4nwUnVH/8/Im3yEHQP4b67cXlD/Qr9hdITCU1xDbSEXg2XKNaP8jsReV7vQd00/A=="],

    "mnemonist": ["mnemonist@0.39.8", "", { "dependencies": { "obliterator": "^2.0.1" } }, "sha512-vyWo2K3fjrUw8YeeZ1zF0fy6Mu59RHokURlld8ymdUPjMlD9EC9ov1/YPqTgqRvUN9nTr3Gqfz29LYAmu0PHPQ=="],

    "moment": ["moment@2.30.1", "", {}, "sha512-uEmtNhbDOrWPFS+hdjFCBfy9f2YoyzRpwcl+DqpC6taX21FzsTLQVbMV/W7PzNSX6x/bhC1zA3c2UQ5NzH6how=="],

    "obliterator": ["obliterator@2.0.5", "", {}, "sha512-42CPE9AhahZRsMNslczq0ctAEtqk8Eka26QofnqC346BZdHDySk3LWka23LI7ULIw11NmltpiLagIq8gBozxTw=="],

    "reflect-metadata": ["reflect-metadata@0.2.2", "", {}, "sha512-urBwgfrvVP/eAyXx4hluJivBKzuEbSQs9rKWCrCkbSxNv8mxPcUZKeuoF3Uy4mJl3Lwprp6yy5/39VWigZ4K6Q=="],

    "safe-buffer": ["safe-buffer@5.2.1", "", {}, "sha512-rp3So07KcdmmKbGvgaNxQSJr7bGVSVk5S9Eq1F+ppbRo70+YeaDxkw5Dd8NPN+GD6bjnYm2VuPuCXmpuYvmCXQ=="],

    "safer-buffer": ["safer-buffer@2.1.2", "", {}, "sha512-YZo3K82SD7Riyi0E1EQPojLz7kpepnSQI9IyPbHHg1XXXevb5dJI7tpyN2ADxGcQbHG7vcyRHk0cbwqcQriUtg=="],

    "simplex-noise": ["simplex-noise@4.0.3", "", {}, "sha512-qSE2I4AngLQG7BXqoZj51jokT4WUXe8mOBrvfOXpci8+6Yu44+/dD5zqDpOx3Ux792eamTd2lLcI8jqFntk/lg=="],

    "typescript": ["typescript@5.8.3", "", { "bin": { "tsc": "bin/tsc", "tsserver": "bin/tsserver" } }, "sha512-p1diW6TqL9L07nNxvRMM7hMMw4c5XOo/1ibL4aAIGmSAt9slTE1Xgw5KWuof2uTOvCg9BY7ZRi+GaF+7sfgPeQ=="],

    "undici-types": ["undici-types@6.21.0", "", {}, "sha512-iwDZqg0QAGrg9Rav5H4n0M64c3mkR59cJ6wQp+7C4nI0gsmExaedaYLNO44eT4AtBBwjbTiGPMlt2Md0T9H9JQ=="],
  }
}
